
Microsoft Visual Studio Solution File, Format Version 12.00
# Visual Studio Version 17
VisualStudioVersion = 17.14.36518.9
MinimumVisualStudioVersion = 10.0.40219.1
Project("{FAE04EC0-301F-11D3-BF4B-00C04F79EFBC}") = "AppPL", "AppPL\AppPL.csproj", "{DEF328D3-F028-437D-BCA0-CF50F57B8051}"
EndProject
Project("{FAE04EC0-301F-11D3-BF4B-00C04F79EFBC}") = "AppDAL", "AppDAL\AppDAL.csproj", "{76994CDA-FC90-42F9-A0E3-318096FA71F2}"
EndProject
Project("{FAE04EC0-301F-11D3-BF4B-00C04F79EFBC}") = "AppBL", "AppBL\AppBL.csproj", "{C2BFBA89-E142-4834-BB12-3A82E5D0FCA8}"
EndProject
Global
	GlobalSection(SolutionConfigurationPlatforms) = preSolution
		Debug|Any CPU = Debug|Any CPU
		Release|Any CPU = Release|Any CPU
	EndGlobalSection
	GlobalSection(ProjectConfigurationPlatforms) = postSolution
		{DEF328D3-F028-437D-BCA0-CF50F57B8051}.Debug|Any CPU.ActiveCfg = Debug|Any CPU
		{DEF328D3-F028-437D-BCA0-CF50F57B8051}.Debug|Any CPU.Build.0 = Debug|Any CPU
		{DEF328D3-F028-437D-BCA0-CF50F57B8051}.Release|Any CPU.ActiveCfg = Release|Any CPU
		{DEF328D3-F028-437D-BCA0-CF50F57B8051}.Release|Any CPU.Build.0 = Release|Any CPU
		{76994CDA-FC90-42F9-A0E3-318096FA71F2}.Debug|Any CPU.ActiveCfg = Debug|Any CPU
		{76994CDA-FC90-42F9-A0E3-318096FA71F2}.Debug|Any CPU.Build.0 = Debug|Any CPU
		{76994CDA-FC90-42F9-A0E3-318096FA71F2}.Release|Any CPU.ActiveCfg = Release|Any CPU
		{76994CDA-FC90-42F9-A0E3-318096FA71F2}.Release|Any CPU.Build.0 = Release|Any CPU
		{C2BFBA89-E142-4834-BB12-3A82E5D0FCA8}.Debug|Any CPU.ActiveCfg = Debug|Any CPU
		{C2BFBA89-E142-4834-BB12-3A82E5D0FCA8}.Debug|Any CPU.Build.0 = Debug|Any CPU
		{C2BFBA89-E142-4834-BB12-3A82E5D0FCA8}.Release|Any CPU.ActiveCfg = Release|Any CPU
		{C2BFBA89-E142-4834-BB12-3A82E5D0FCA8}.Release|Any CPU.Build.0 = Release|Any CPU
	EndGlobalSection
	GlobalSection(SolutionProperties) = preSolution
		HideSolutionNode = FALSE
	EndGlobalSection
	GlobalSection(ExtensibilityGlobals) = postSolution
		SolutionGuid = {C5C10939-266C-4821-9106-82059E4ED0DC}
	EndGlobalSection
EndGlobal
